// !$*UTF8*$!
{
	archiveVersion = 1;
	classes = {
	};
	objectVersion = 56;
	objects = {

/* Begin PBXBuildFile section */
		8E4CBC482AE059EB00C68274 /* AnswerRow.swift in Sources */ = {isa = PBXBuildFile; fileRef = 8E4CBC472AE059EB00C68274 /* AnswerRow.swift */; };
		8E4CBC552AE2F58F00C68274 /* DataModels.swift in Sources */ = {isa = PBXBuildFile; fileRef = 8E4CBC542AE2F58F00C68274 /* DataModels.swift */; };
		C00092AD2ADED00800340A86 /* MyLittleTreeApp.swift in Sources */ = {isa = PBXBuildFile; fileRef = C00092AC2ADED00800340A86 /* MyLittleTreeApp.swift */; };
		C00092AF2ADED00800340A86 /* ContentView.swift in Sources */ = {isa = PBXBuildFile; fileRef = C00092AE2ADED00800340A86 /* ContentView.swift */; };
		C00092B12ADED00800340A86 /* Assets.xcassets in Resources */ = {isa = PBXBuildFile; fileRef = C00092B02ADED00800340A86 /* Assets.xcassets */; };
		C00092B42ADED00800340A86 /* Preview Assets.xcassets in Resources */ = {isa = PBXBuildFile; fileRef = C00092B32ADED00800340A86 /* Preview Assets.xcassets */; };
		C03A0E332AE6BD8C006DE0B6 /* CountDown.swift in Sources */ = {isa = PBXBuildFile; fileRef = C03A0E322AE6BD8C006DE0B6 /* CountDown.swift */; };
		C05E81A82ADF0EF0008EC0F4 /* TriviaView.swift in Sources */ = {isa = PBXBuildFile; fileRef = C05E81A72ADF0EF0008EC0F4 /* TriviaView.swift */; };
		E70BCA462AE2BE880022F530 /* HoorayView.swift in Sources */ = {isa = PBXBuildFile; fileRef = E70BCA452AE2BE880022F530 /* HoorayView.swift */; };
		E70BCA482AE2BEBF0022F530 /* OopsView.swift in Sources */ = {isa = PBXBuildFile; fileRef = E70BCA472AE2BEBF0022F530 /* OopsView.swift */; };
		EC1747EA2AE9589C001086C6 /* GameEngine.swift in Sources */ = {isa = PBXBuildFile; fileRef = EC1747E92AE9589C001086C6 /* GameEngine.swift */; };
		ECC0D7722AEC39AF005F74E4 /* DetailsView.swift in Sources */ = {isa = PBXBuildFile; fileRef = ECC0D7712AEC39AF005F74E4 /* DetailsView.swift */; };
		ECD17A6F2AE2B7D30034527B /* TriviaAnswer.swift in Sources */ = {isa = PBXBuildFile; fileRef = ECD17A6E2AE2B7D30034527B /* TriviaAnswer.swift */; };
/* End PBXBuildFile section */

/* Begin PBXFileReference section */
		8E4CBC472AE059EB00C68274 /* AnswerRow.swift */ = {isa = PBXFileReference; lastKnownFileType = sourcecode.swift; path = AnswerRow.swift; sourceTree = "<group>"; };
		8E4CBC542AE2F58F00C68274 /* DataModels.swift */ = {isa = PBXFileReference; lastKnownFileType = sourcecode.swift; path = DataModels.swift; sourceTree = "<group>"; };
		C00092A92ADED00800340A86 /* MyLittleTree.app */ = {isa = PBXFileReference; explicitFileType = wrapper.application; includeInIndex = 0; path = MyLittleTree.app; sourceTree = BUILT_PRODUCTS_DIR; };
		C00092AC2ADED00800340A86 /* MyLittleTreeApp.swift */ = {isa = PBXFileReference; lastKnownFileType = sourcecode.swift; path = MyLittleTreeApp.swift; sourceTree = "<group>"; };
		C00092AE2ADED00800340A86 /* ContentView.swift */ = {isa = PBXFileReference; lastKnownFileType = sourcecode.swift; path = ContentView.swift; sourceTree = "<group>"; };
		C00092B02ADED00800340A86 /* Assets.xcassets */ = {isa = PBXFileReference; lastKnownFileType = folder.assetcatalog; path = Assets.xcassets; sourceTree = "<group>"; };
		C00092B32ADED00800340A86 /* Preview Assets.xcassets */ = {isa = PBXFileReference; lastKnownFileType = folder.assetcatalog; path = "Preview Assets.xcassets"; sourceTree = "<group>"; };
		C03A0E322AE6BD8C006DE0B6 /* CountDown.swift */ = {isa = PBXFileReference; lastKnownFileType = sourcecode.swift; path = CountDown.swift; sourceTree = "<group>"; };
		C05E81A72ADF0EF0008EC0F4 /* TriviaView.swift */ = {isa = PBXFileReference; lastKnownFileType = sourcecode.swift; path = TriviaView.swift; sourceTree = "<group>"; };
		E70BCA452AE2BE880022F530 /* HoorayView.swift */ = {isa = PBXFileReference; lastKnownFileType = sourcecode.swift; path = HoorayView.swift; sourceTree = "<group>"; };
		E70BCA472AE2BEBF0022F530 /* OopsView.swift */ = {isa = PBXFileReference; lastKnownFileType = sourcecode.swift; path = OopsView.swift; sourceTree = "<group>"; };
		EC1747E92AE9589C001086C6 /* GameEngine.swift */ = {isa = PBXFileReference; lastKnownFileType = sourcecode.swift; path = GameEngine.swift; sourceTree = "<group>"; };
		ECC0D7712AEC39AF005F74E4 /* DetailsView.swift */ = {isa = PBXFileReference; lastKnownFileType = sourcecode.swift; path = DetailsView.swift; sourceTree = "<group>"; };
		ECD17A6E2AE2B7D30034527B /* TriviaAnswer.swift */ = {isa = PBXFileReference; lastKnownFileType = sourcecode.swift; path = TriviaAnswer.swift; sourceTree = "<group>"; };
/* End PBXFileReference section */

/* Begin PBXFrameworksBuildPhase section */
		C00092A62ADED00800340A86 /* Frameworks */ = {
			isa = PBXFrameworksBuildPhase;
			buildActionMask = 2147483647;
			files = (
			);
			runOnlyForDeploymentPostprocessing = 0;
		};
/* End PBXFrameworksBuildPhase section */

/* Begin PBXGroup section */
		8E4CBC442AE058D900C68274 /* Views */ = {
			isa = PBXGroup;
			children = (
				E70BCA472AE2BEBF0022F530 /* OopsView.swift */,
				E70BCA452AE2BE880022F530 /* HoorayView.swift */,
				C05E81A72ADF0EF0008EC0F4 /* TriviaView.swift */,
				C00092AE2ADED00800340A86 /* ContentView.swift */,
				ECC0D7712AEC39AF005F74E4 /* DetailsView.swift */,
			);
			path = Views;
			sourceTree = "<group>";
		};
		8E4CBC462AE059D500C68274 /* Components */ = {
			isa = PBXGroup;
			children = (
				C03A0E322AE6BD8C006DE0B6 /* CountDown.swift */,
				8E4CBC472AE059EB00C68274 /* AnswerRow.swift */,
			);
			path = Components;
			sourceTree = "<group>";
		};
		8E4CBC4B2AE0771100C68274 /* Models */ = {
			isa = PBXGroup;
			children = (
				8E4CBC542AE2F58F00C68274 /* DataModels.swift */,
				EC1747E92AE9589C001086C6 /* GameEngine.swift */,
			);
			path = Models;
			sourceTree = "<group>";
		};
		C00092A02ADED00800340A86 = {
			isa = PBXGroup;
			children = (
				C00092AB2ADED00800340A86 /* MyLittleTree */,
				C00092AA2ADED00800340A86 /* Products */,
			);
			sourceTree = "<group>";
		};
		C00092AA2ADED00800340A86 /* Products */ = {
			isa = PBXGroup;
			children = (
				C00092A92ADED00800340A86 /* MyLittleTree.app */,
			);
			name = Products;
			sourceTree = "<group>";
		};
		C00092AB2ADED00800340A86 /* MyLittleTree */ = {
			isa = PBXGroup;
			children = (
				C00092AC2ADED00800340A86 /* MyLittleTreeApp.swift */,
				8E4CBC4B2AE0771100C68274 /* Models */,
				8E4CBC462AE059D500C68274 /* Components */,
				8E4CBC442AE058D900C68274 /* Views */,
				ECD17A6E2AE2B7D30034527B /* TriviaAnswer.swift */,
				C00092B02ADED00800340A86 /* Assets.xcassets */,
				C00092B22ADED00800340A86 /* Preview Content */,
			);
			path = MyLittleTree;
			sourceTree = "<group>";
		};
		C00092B22ADED00800340A86 /* Preview Content */ = {
			isa = PBXGroup;
			children = (
				C00092B32ADED00800340A86 /* Preview Assets.xcassets */,
			);
			path = "Preview Content";
			sourceTree = "<group>";
		};
/* End PBXGroup section */

/* Begin PBXNativeTarget section */
		C00092A82ADED00800340A86 /* MyLittleTree */ = {
			isa = PBXNativeTarget;
			buildConfigurationList = C00092B72ADED00800340A86 /* Build configuration list for PBXNativeTarget "MyLittleTree" */;
			buildPhases = (
				C00092A52ADED00800340A86 /* Sources */,
				C00092A62ADED00800340A86 /* Frameworks */,
				C00092A72ADED00800340A86 /* Resources */,
			);
			buildRules = (
			);
			dependencies = (
			);
			name = MyLittleTree;
			productName = MyLittleTree;
			productReference = C00092A92ADED00800340A86 /* MyLittleTree.app */;
			productType = "com.apple.product-type.application";
		};
/* End PBXNativeTarget section */

/* Begin PBXProject section */
		C00092A12ADED00800340A86 /* Project object */ = {
			isa = PBXProject;
			attributes = {
				BuildIndependentTargetsInParallel = 1;
				LastSwiftUpdateCheck = 1500;
				LastUpgradeCheck = 1500;
				TargetAttributes = {
					C00092A82ADED00800340A86 = {
						CreatedOnToolsVersion = 15.0;
					};
				};
			};
			buildConfigurationList = C00092A42ADED00800340A86 /* Build configuration list for PBXProject "MyLittleTree" */;
			compatibilityVersion = "Xcode 14.0";
			developmentRegion = en;
			hasScannedForEncodings = 0;
			knownRegions = (
				en,
				Base,
			);
			mainGroup = C00092A02ADED00800340A86;
			productRefGroup = C00092AA2ADED00800340A86 /* Products */;
			projectDirPath = "";
			projectRoot = "";
			targets = (
				C00092A82ADED00800340A86 /* MyLittleTree */,
			);
		};
/* End PBXProject section */

/* Begin PBXResourcesBuildPhase section */
		C00092A72ADED00800340A86 /* Resources */ = {
			isa = PBXResourcesBuildPhase;
			buildActionMask = 2147483647;
			files = (
				C00092B42ADED00800340A86 /* Preview Assets.xcassets in Resources */,
				C00092B12ADED00800340A86 /* Assets.xcassets in Resources */,
			);
			runOnlyForDeploymentPostprocessing = 0;
		};
/* End PBXResourcesBuildPhase section */

/* Begin PBXSourcesBuildPhase section */
		C00092A52ADED00800340A86 /* Sources */ = {
			isa = PBXSourcesBuildPhase;
			buildActionMask = 2147483647;
			files = (
				C00092AF2ADED00800340A86 /* ContentView.swift in Sources */,
				C03A0E332AE6BD8C006DE0B6 /* CountDown.swift in Sources */,
				E70BCA462AE2BE880022F530 /* HoorayView.swift in Sources */,
				C05E81A82ADF0EF0008EC0F4 /* TriviaView.swift in Sources */,
				8E4CBC552AE2F58F00C68274 /* DataModels.swift in Sources */,
				EC1747EA2AE9589C001086C6 /* GameEngine.swift in Sources */,
				ECC0D7722AEC39AF005F74E4 /* DetailsView.swift in Sources */,
				ECD17A6F2AE2B7D30034527B /* TriviaAnswer.swift in Sources */,
				C00092AD2ADED00800340A86 /* MyLittleTreeApp.swift in Sources */,
				8E4CBC482AE059EB00C68274 /* AnswerRow.swift in Sources */,
				E70BCA482AE2BEBF0022F530 /* OopsView.swift in Sources */,
			);
			runOnlyForDeploymentPostprocessing = 0;
		};
/* End PBXSourcesBuildPhase section */

/* Begin XCBuildConfiguration section */
		C00092B52ADED00800340A86 /* Debug */ = {
			isa = XCBuildConfiguration;
			buildSettings = {
				ALWAYS_SEARCH_USER_PATHS = NO;
				ASSETCATALOG_COMPILER_GENERATE_SWIFT_ASSET_SYMBOL_EXTENSIONS = YES;
				CLANG_ANALYZER_NONNULL = YES;
				CLANG_ANALYZER_NUMBER_OBJECT_CONVERSION = YES_AGGRESSIVE;
				CLANG_CXX_LANGUAGE_STANDARD = "gnu++20";
				CLANG_ENABLE_MODULES = YES;
				CLANG_ENABLE_OBJC_ARC = YES;
				CLANG_ENABLE_OBJC_WEAK = YES;
				CLANG_WARN_BLOCK_CAPTURE_AUTORELEASING = YES;
				CLANG_WARN_BOOL_CONVERSION = YES;
				CLANG_WARN_COMMA = YES;
				CLANG_WARN_CONSTANT_CONVERSION = YES;
				CLANG_WARN_DEPRECATED_OBJC_IMPLEMENTATIONS = YES;
				CLANG_WARN_DIRECT_OBJC_ISA_USAGE = YES_ERROR;
				CLANG_WARN_DOCUMENTATION_COMMENTS = YES;
				CLANG_WARN_EMPTY_BODY = YES;
				CLANG_WARN_ENUM_CONVERSION = YES;
				CLANG_WARN_INFINITE_RECURSION = YES;
				CLANG_WARN_INT_CONVERSION = YES;
				CLANG_WARN_NON_LITERAL_NULL_CONVERSION = YES;
				CLANG_WARN_OBJC_IMPLICIT_RETAIN_SELF = YES;
				CLANG_WARN_OBJC_LITERAL_CONVERSION = YES;
				CLANG_WARN_OBJC_ROOT_CLASS = YES_ERROR;
				CLANG_WARN_QUOTED_INCLUDE_IN_FRAMEWORK_HEADER = YES;
				CLANG_WARN_RANGE_LOOP_ANALYSIS = YES;
				CLANG_WARN_STRICT_PROTOTYPES = YES;
				CLANG_WARN_SUSPICIOUS_MOVE = YES;
				CLANG_WARN_UNGUARDED_AVAILABILITY = YES_AGGRESSIVE;
				CLANG_WARN_UNREACHABLE_CODE = YES;
				CLANG_WARN__DUPLICATE_METHOD_MATCH = YES;
				COPY_PHASE_STRIP = NO;
				DEBUG_INFORMATION_FORMAT = dwarf;
				ENABLE_STRICT_OBJC_MSGSEND = YES;
				ENABLE_TESTABILITY = YES;
				ENABLE_USER_SCRIPT_SANDBOXING = YES;
				GCC_C_LANGUAGE_STANDARD = gnu17;
				GCC_DYNAMIC_NO_PIC = NO;
				GCC_NO_COMMON_BLOCKS = YES;
				GCC_OPTIMIZATION_LEVEL = 0;
				GCC_PREPROCESSOR_DEFINITIONS = (
					"DEBUG=1",
					"$(inherited)",
				);
				GCC_WARN_64_TO_32_BIT_CONVERSION = YES;
				GCC_WARN_ABOUT_RETURN_TYPE = YES_ERROR;
				GCC_WARN_UNDECLARED_SELECTOR = YES;
				GCC_WARN_UNINITIALIZED_AUTOS = YES_AGGRESSIVE;
				GCC_WARN_UNUSED_FUNCTION = YES;
				GCC_WARN_UNUSED_VARIABLE = YES;
				IPHONEOS_DEPLOYMENT_TARGET = 17.0;
				LOCALIZATION_PREFERS_STRING_CATALOGS = YES;
				MTL_ENABLE_DEBUG_INFO = INCLUDE_SOURCE;
				MTL_FAST_MATH = YES;
				ONLY_ACTIVE_ARCH = YES;
				SDKROOT = iphoneos;
				SWIFT_ACTIVE_COMPILATION_CONDITIONS = "DEBUG $(inherited)";
				SWIFT_OPTIMIZATION_LEVEL = "-Onone";
			};
			name = Debug;
		};
		C00092B62ADED00800340A86 /* Release */ = {
			isa = XCBuildConfiguration;
			buildSettings = {
				ALWAYS_SEARCH_USER_PATHS = NO;
				ASSETCATALOG_COMPILER_GENERATE_SWIFT_ASSET_SYMBOL_EXTENSIONS = YES;
				CLANG_ANALYZER_NONNULL = YES;
				CLANG_ANALYZER_NUMBER_OBJECT_CONVERSION = YES_AGGRESSIVE;
				CLANG_CXX_LANGUAGE_STANDARD = "gnu++20";
				CLANG_ENABLE_MODULES = YES;
				CLANG_ENABLE_OBJC_ARC = YES;
				CLANG_ENABLE_OBJC_WEAK = YES;
				CLANG_WARN_BLOCK_CAPTURE_AUTORELEASING = YES;
				CLANG_WARN_BOOL_CONVERSION = YES;
				CLANG_WARN_COMMA = YES;
				CLANG_WARN_CONSTANT_CONVERSION = YES;
				CLANG_WARN_DEPRECATED_OBJC_IMPLEMENTATIONS = YES;
				CLANG_WARN_DIRECT_OBJC_ISA_USAGE = YES_ERROR;
				CLANG_WARN_DOCUMENTATION_COMMENTS = YES;
				CLANG_WARN_EMPTY_BODY = YES;
				CLANG_WARN_ENUM_CONVERSION = YES;
				CLANG_WARN_INFINITE_RECURSION = YES;
				CLANG_WARN_INT_CONVERSION = YES;
				CLANG_WARN_NON_LITERAL_NULL_CONVERSION = YES;
				CLANG_WARN_OBJC_IMPLICIT_RETAIN_SELF = YES;
				CLANG_WARN_OBJC_LITERAL_CONVERSION = YES;
				CLANG_WARN_OBJC_ROOT_CLASS = YES_ERROR;
				CLANG_WARN_QUOTED_INCLUDE_IN_FRAMEWORK_HEADER = YES;
				CLANG_WARN_RANGE_LOOP_ANALYSIS = YES;
				CLANG_WARN_STRICT_PROTOTYPES = YES;
				CLANG_WARN_SUSPICIOUS_MOVE = YES;
				CLANG_WARN_UNGUARDED_AVAILABILITY = YES_AGGRESSIVE;
				CLANG_WARN_UNREACHABLE_CODE = YES;
				CLANG_WARN__DUPLICATE_METHOD_MATCH = YES;
				COPY_PHASE_STRIP = NO;
				DEBUG_INFORMATION_FORMAT = "dwarf-with-dsym";
				ENABLE_NS_ASSERTIONS = NO;
				ENABLE_STRICT_OBJC_MSGSEND = YES;
				ENABLE_USER_SCRIPT_SANDBOXING = YES;
				GCC_C_LANGUAGE_STANDARD = gnu17;
				GCC_NO_COMMON_BLOCKS = YES;
				GCC_WARN_64_TO_32_BIT_CONVERSION = YES;
				GCC_WARN_ABOUT_RETURN_TYPE = YES_ERROR;
				GCC_WARN_UNDECLARED_SELECTOR = YES;
				GCC_WARN_UNINITIALIZED_AUTOS = YES_AGGRESSIVE;
				GCC_WARN_UNUSED_FUNCTION = YES;
				GCC_WARN_UNUSED_VARIABLE = YES;
				IPHONEOS_DEPLOYMENT_TARGET = 17.0;
				LOCALIZATION_PREFERS_STRING_CATALOGS = YES;
				MTL_ENABLE_DEBUG_INFO = NO;
				MTL_FAST_MATH = YES;
				SDKROOT = iphoneos;
				SWIFT_COMPILATION_MODE = wholemodule;
				VALIDATE_PRODUCT = YES;
			};
			name = Release;
		};
		C00092B82ADED00800340A86 /* Debug */ = {
			isa = XCBuildConfiguration;
			buildSettings = {
				ASSETCATALOG_COMPILER_APPICON_NAME = AppIcon;
				ASSETCATALOG_COMPILER_GLOBAL_ACCENT_COLOR_NAME = AccentColor;
				CODE_SIGN_STYLE = Automatic;
				CURRENT_PROJECT_VERSION = 1;
				DEVELOPMENT_ASSET_PATHS = "\"MyLittleTree/Preview Content\"";
				DEVELOPMENT_TEAM = HR24WHR326;
				ENABLE_PREVIEWS = YES;
				GENERATE_INFOPLIST_FILE = YES;
				INFOPLIST_FILE = MyLittleTree/Info.plist;
				INFOPLIST_KEY_CFBundleDisplayName = Treevia;
				INFOPLIST_KEY_UIApplicationSceneManifest_Generation = YES;
				INFOPLIST_KEY_UIApplicationSupportsIndirectInputEvents = YES;
				INFOPLIST_KEY_UILaunchScreen_Generation = YES;
				INFOPLIST_KEY_UISupportedInterfaceOrientations_iPad = "UIInterfaceOrientationPortrait UIInterfaceOrientationPortraitUpsideDown UIInterfaceOrientationLandscapeLeft UIInterfaceOrientationLandscapeRight";
				INFOPLIST_KEY_UISupportedInterfaceOrientations_iPhone = "UIInterfaceOrientationPortrait UIInterfaceOrientationLandscapeLeft UIInterfaceOrientationLandscapeRight";
				LD_RUNPATH_SEARCH_PATHS = (
					"$(inherited)",
					"@executable_path/Frameworks",
				);
				MARKETING_VERSION = 1.0;
				PRODUCT_BUNDLE_IDENTIFIER = com.emanueledipietro;
				PRODUCT_NAME = "$(TARGET_NAME)";
				SWIFT_EMIT_LOC_STRINGS = YES;
				SWIFT_VERSION = 5.0;
				TARGETED_DEVICE_FAMILY = "1,2";
			};
			name = Debug;
		};
		C00092B92ADED00800340A86 /* Release */ = {
			isa = XCBuildConfiguration;
			buildSettings = {
				ASSETCATALOG_COMPILER_APPICON_NAME = AppIcon;
				ASSETCATALOG_COMPILER_GLOBAL_ACCENT_COLOR_NAME = AccentColor;
				CODE_SIGN_STYLE = Automatic;
				CURRENT_PROJECT_VERSION = 1;
				DEVELOPMENT_ASSET_PATHS = "\"MyLittleTree/Preview Content\"";
				DEVELOPMENT_TEAM = HR24WHR326;
				ENABLE_PREVIEWS = YES;
				GENERATE_INFOPLIST_FILE = YES;
				INFOPLIST_FILE = MyLittleTree/Info.plist;
				INFOPLIST_KEY_CFBundleDisplayName = Treevia;
				INFOPLIST_KEY_UIApplicationSceneManifest_Generation = YES;
				INFOPLIST_KEY_UIApplicationSupportsIndirectInputEvents = YES;
				INFOPLIST_KEY_UILaunchScreen_Generation = YES;
				INFOPLIST_KEY_UISupportedInterfaceOrientations_iPad = "UIInterfaceOrientationPortrait UIInterfaceOrientationPortraitUpsideDown UIInterfaceOrientationLandscapeLeft UIInterfaceOrientationLandscapeRight";
				INFOPLIST_KEY_UISupportedInterfaceOrientations_iPhone = "UIInterfaceOrientationPortrait UIInterfaceOrientationLandscapeLeft UIInterfaceOrientationLandscapeRight";
				LD_RUNPATH_SEARCH_PATHS = (
					"$(inherited)",
					"@executable_path/Frameworks",
				);
				MARKETING_VERSION = 1.0;
				PRODUCT_BUNDLE_IDENTIFIER = com.emanueledipietro;
				PRODUCT_NAME = "$(TARGET_NAME)";
				SWIFT_EMIT_LOC_STRINGS = YES;
				SWIFT_VERSION = 5.0;
				TARGETED_DEVICE_FAMILY = "1,2";
			};
			name = Release;
		};
/* End XCBuildConfiguration section */

/* Begin XCConfigurationList section */
		C00092A42ADED00800340A86 /* Build configuration list for PBXProject "MyLittleTree" */ = {
			isa = XCConfigurationList;
			buildConfigurations = (
				C00092B52ADED00800340A86 /* Debug */,
				C00092B62ADED00800340A86 /* Release */,
			);
			defaultConfigurationIsVisible = 0;
			defaultConfigurationName = Release;
		};
		C00092B72ADED00800340A86 /* Build configuration list for PBXNativeTarget "MyLittleTree" */ = {
			isa = XCConfigurationList;
			buildConfigurations = (
				C00092B82ADED00800340A86 /* Debug */,
				C00092B92ADED00800340A86 /* Release */,
			);
			defaultConfigurationIsVisible = 0;
			defaultConfigurationName = Release;
		};
/* End XCConfigurationList section */
	};
	rootObject = C00092A12ADED00800340A86 /* Project object */;
}
